// !$*UTF8*$!
{
	archiveVersion = 1;
	classes = {
	};
	objectVersion = 46;
	objects = {

/* Begin PBXBuildFile section */
		FF9367201EF855AF00AFB1C2 /* main.m in Sources */ = {isa = PBXBuildFile; fileRef = FF93671F1EF855AF00AFB1C2 /* main.m */; };
		FF9367231EF855AF00AFB1C2 /* AppDelegate.m in Sources */ = {isa = PBXBuildFile; fileRef = FF9367221EF855AF00AFB1C2 /* AppDelegate.m */; };
		FF9367261EF855AF00AFB1C2 /* ViewController.m in Sources */ = {isa = PBXBuildFile; fileRef = FF9367251EF855AF00AFB1C2 /* ViewController.m */; };
		FF9367291EF855AF00AFB1C2 /* Main.storyboard in Resources */ = {isa = PBXBuildFile; fileRef = FF9367271EF855AF00AFB1C2 /* Main.storyboard */; };
		FF93672B1EF855AF00AFB1C2 /* Assets.xcassets in Resources */ = {isa = PBXBuildFile; fileRef = FF93672A1EF855AF00AFB1C2 /* Assets.xcassets */; };
		FF93672E1EF855AF00AFB1C2 /* LaunchScreen.storyboard in Resources */ = {isa = PBXBuildFile; fileRef = FF93672C1EF855AF00AFB1C2 /* LaunchScreen.storyboard */; };
		FF9367371EF858FE00AFB1C2 /* Repos.m in Sources */ = {isa = PBXBuildFile; fileRef = FF9367361EF858FE00AFB1C2 /* Repos.m */; };
/* End PBXBuildFile section */

/* Begin PBXFileReference section */
		FF93671B1EF855AF00AFB1C2 /* GithubRepos.app */ = {isa = PBXFileReference; explicitFileType = wrapper.application; includeInIndex = 0; path = GithubRepos.app; sourceTree = BUILT_PRODUCTS_DIR; };
		FF93671F1EF855AF00AFB1C2 /* main.m */ = {isa = PBXFileReference; lastKnownFileType = sourcecode.c.objc; path = main.m; sourceTree = "<group>"; };
		FF9367211EF855AF00AFB1C2 /* AppDelegate.h */ = {isa = PBXFileReference; lastKnownFileType = sourcecode.c.h; path = AppDelegate.h; sourceTree = "<group>"; };
		FF9367221EF855AF00AFB1C2 /* AppDelegate.m */ = {isa = PBXFileReference; lastKnownFileType = sourcecode.c.objc; path = AppDelegate.m; sourceTree = "<group>"; };
		FF9367241EF855AF00AFB1C2 /* ViewController.h */ = {isa = PBXFileReference; lastKnownFileType = sourcecode.c.h; path = ViewController.h; sourceTree = "<group>"; };
		FF9367251EF855AF00AFB1C2 /* ViewController.m */ = {isa = PBXFileReference; lastKnownFileType = sourcecode.c.objc; path = ViewController.m; sourceTree = "<group>"; };
		FF9367281EF855AF00AFB1C2 /* Base */ = {isa = PBXFileReference; lastKnownFileType = file.storyboard; name = Base; path = Base.lproj/Main.storyboard; sourceTree = "<group>"; };
		FF93672A1EF855AF00AFB1C2 /* Assets.xcassets */ = {isa = PBXFileReference; lastKnownFileType = folder.assetcatalog; path = Assets.xcassets; sourceTree = "<group>"; };
		FF93672D1EF855AF00AFB1C2 /* Base */ = {isa = PBXFileReference; lastKnownFileType = file.storyboard; name = Base; path = Base.lproj/LaunchScreen.storyboard; sourceTree = "<group>"; };
		FF93672F1EF855AF00AFB1C2 /* Info.plist */ = {isa = PBXFileReference; lastKnownFileType = text.plist.xml; path = Info.plist; sourceTree = "<group>"; };
		FF9367351EF858FE00AFB1C2 /* Repos.h */ = {isa = PBXFileReference; fileEncoding = 4; lastKnownFileType = sourcecode.c.h; path = Repos.h; sourceTree = "<group>"; };
		FF9367361EF858FE00AFB1C2 /* Repos.m */ = {isa = PBXFileReference; fileEncoding = 4; lastKnownFileType = sourcecode.c.objc; path = Repos.m; sourceTree = "<group>"; };
/* End PBXFileReference section */

/* Begin PBXFrameworksBuildPhase section */
		FF9367181EF855AF00AFB1C2 /* Frameworks */ = {
			isa = PBXFrameworksBuildPhase;
			buildActionMask = 2147483647;
			files = (
			);
			runOnlyForDeploymentPostprocessing = 0;
		};
/* End PBXFrameworksBuildPhase section */

/* Begin PBXGroup section */
		FF9367121EF855AF00AFB1C2 = {
			isa = PBXGroup;
			children = (
				FF93671D1EF855AF00AFB1C2 /* GithubRepos */,
				FF93671C1EF855AF00AFB1C2 /* Products */,
			);
			sourceTree = "<group>";
		};
		FF93671C1EF855AF00AFB1C2 /* Products */ = {
			isa = PBXGroup;
			children = (
				FF93671B1EF855AF00AFB1C2 /* GithubRepos.app */,
			);
			name = Products;
			sourceTree = "<group>";
		};
		FF93671D1EF855AF00AFB1C2 /* GithubRepos */ = {
			isa = PBXGroup;
			children = (
				FF9367211EF855AF00AFB1C2 /* AppDelegate.h */,
				FF9367221EF855AF00AFB1C2 /* AppDelegate.m */,
				FF9367241EF855AF00AFB1C2 /* ViewController.h */,
				FF9367251EF855AF00AFB1C2 /* ViewController.m */,
				FF9367351EF858FE00AFB1C2 /* Repos.h */,
				FF9367361EF858FE00AFB1C2 /* Repos.m */,
				FF9367271EF855AF00AFB1C2 /* Main.storyboard */,
				FF93671E1EF855AF00AFB1C2 /* Supporting Files */,
			);
			path = GithubRepos;
			sourceTree = "<group>";
		};
		FF93671E1EF855AF00AFB1C2 /* Supporting Files */ = {
			isa = PBXGroup;
			children = (
				FF93672A1EF855AF00AFB1C2 /* Assets.xcassets */,
				FF93672C1EF855AF00AFB1C2 /* LaunchScreen.storyboard */,
				FF93672F1EF855AF00AFB1C2 /* Info.plist */,
				FF93671F1EF855AF00AFB1C2 /* main.m */,
			);
			name = "Supporting Files";
			sourceTree = "<group>";
		};
/* End PBXGroup section */

/* Begin PBXNativeTarget section */
		FF93671A1EF855AF00AFB1C2 /* GithubRepos */ = {
			isa = PBXNativeTarget;
			buildConfigurationList = FF9367321EF855AF00AFB1C2 /* Build configuration list for PBXNativeTarget "GithubRepos" */;
			buildPhases = (
				FF9367171EF855AF00AFB1C2 /* Sources */,
				FF9367181EF855AF00AFB1C2 /* Frameworks */,
				FF9367191EF855AF00AFB1C2 /* Resources */,
			);
			buildRules = (
			);
			dependencies = (
			);
			name = GithubRepos;
			productName = GithubRepos;
			productReference = FF93671B1EF855AF00AFB1C2 /* GithubRepos.app */;
			productType = "com.apple.product-type.application";
		};
/* End PBXNativeTarget section */

/* Begin PBXProject section */
		FF9367131EF855AF00AFB1C2 /* Project object */ = {
			isa = PBXProject;
			attributes = {
				LastUpgradeCheck = 0830;
				ORGANIZATIONNAME = "Jimmy Hoang";
				TargetAttributes = {
					FF93671A1EF855AF00AFB1C2 = {
						CreatedOnToolsVersion = 8.3.3;
						DevelopmentTeam = 5GMBY6V284;
						ProvisioningStyle = Automatic;
					};
				};
			};
			buildConfigurationList = FF9367161EF855AF00AFB1C2 /* Build configuration list for PBXProject "GithubRepos" */;
			compatibilityVersion = "Xcode 3.2";
			developmentRegion = English;
			hasScannedForEncodings = 0;
			knownRegions = (
				en,
				Base,
			);
			mainGroup = FF9367121EF855AF00AFB1C2;
			productRefGroup = FF93671C1EF855AF00AFB1C2 /* Products */;
			projectDirPath = "";
			projectRoot = "";
			targets = (
				FF93671A1EF855AF00AFB1C2 /* GithubRepos */,
			);
		};
/* End PBXProject section */

/* Begin PBXResourcesBuildPhase section */
		FF9367191EF855AF00AFB1C2 /* Resources */ = {
			isa = PBXResourcesBuildPhase;
			buildActionMask = 2147483647;
			files = (
				FF93672E1EF855AF00AFB1C2 /* LaunchScreen.storyboard in Resources */,
				FF93672B1EF855AF00AFB1C2 /* Assets.xcassets in Resources */,
				FF9367291EF855AF00AFB1C2 /* Main.storyboard in Resources */,
			);
			runOnlyForDeploymentPostprocessing = 0;
		};
/* End PBXResourcesBuildPhase section */

/* Begin PBXSourcesBuildPhase section */
		FF9367171EF855AF00AFB1C2 /* Sources */ = {
			isa = PBXSourcesBuildPhase;
			buildActionMask = 2147483647;
			files = (
				FF9367261EF855AF00AFB1C2 /* ViewController.m in Sources */,
				FF9367231EF855AF00AFB1C2 /* AppDelegate.m in Sources */,
				FF9367201EF855AF00AFB1C2 /* main.m in Sources */,
				FF9367371EF858FE00AFB1C2 /* Repos.m in Sources */,
			);
			runOnlyForDeploymentPostprocessing = 0;
		};
/* End PBXSourcesBuildPhase section */

/* Begin PBXVariantGroup section */
		FF9367271EF855AF00AFB1C2 /* Main.storyboard */ = {
			isa = PBXVariantGroup;
			children = (
				FF9367281EF855AF00AFB1C2 /* Base */,
			);
			name = Main.storyboard;
			sourceTree = "<group>";
		};
		FF93672C1EF855AF00AFB1C2 /* LaunchScreen.storyboard */ = {
			isa = PBXVariantGroup;
			children = (
				FF93672D1EF855AF00AFB1C2 /* Base */,
			);
			name = LaunchScreen.storyboard;
			sourceTree = "<group>";
		};
/* End PBXVariantGroup section */

/* Begin XCBuildConfiguration section */
		FF9367301EF855AF00AFB1C2 /* Debug */ = {
			isa = XCBuildConfiguration;
			buildSettings = {
				ALWAYS_SEARCH_USER_PATHS = NO;
				CLANG_ANALYZER_NONNULL = YES;
				CLANG_ANALYZER_NUMBER_OBJECT_CONVERSION = YES_AGGRESSIVE;
				CLANG_CXX_LANGUAGE_STANDARD = "gnu++0x";
				CLANG_CXX_LIBRARY = "libc++";
				CLANG_ENABLE_MODULES = YES;
				CLANG_ENABLE_OBJC_ARC = YES;
				CLANG_WARN_BOOL_CONVERSION = YES;
				CLANG_WARN_CONSTANT_CONVERSION = YES;
				CLANG_WARN_DIRECT_OBJC_ISA_USAGE = YES_ERROR;
				CLANG_WARN_DOCUMENTATION_COMMENTS = YES;
				CLANG_WARN_EMPTY_BODY = YES;
				CLANG_WARN_ENUM_CONVERSION = YES;
				CLANG_WARN_INFINITE_RECURSION = YES;
				CLANG_WARN_INT_CONVERSION = YES;
				CLANG_WARN_OBJC_ROOT_CLASS = YES_ERROR;
				CLANG_WARN_SUSPICIOUS_MOVE = YES;
				CLANG_WARN_UNREACHABLE_CODE = YES;
				CLANG_WARN__DUPLICATE_METHOD_MATCH = YES;
				"CODE_SIGN_IDENTITY[sdk=iphoneos*]" = "iPhone Developer";
				COPY_PHASE_STRIP = NO;
				DEBUG_INFORMATION_FORMAT = dwarf;
				ENABLE_STRICT_OBJC_MSGSEND = YES;
				ENABLE_TESTABILITY = YES;
				GCC_C_LANGUAGE_STANDARD = gnu99;
				GCC_DYNAMIC_NO_PIC = NO;
				GCC_NO_COMMON_BLOCKS = YES;
				GCC_OPTIMIZATION_LEVEL = 0;
				GCC_PREPROCESSOR_DEFINITIONS = (
					"DEBUG=1",
					"$(inherited)",
				);
				GCC_WARN_64_TO_32_BIT_CONVERSION = YES;
				GCC_WARN_ABOUT_RETURN_TYPE = YES_ERROR;
				GCC_WARN_UNDECLARED_SELECTOR = YES;
				GCC_WARN_UNINITIALIZED_AUTOS = YES_AGGRESSIVE;
				GCC_WARN_UNUSED_FUNCTION = YES;
				GCC_WARN_UNUSED_VARIABLE = YES;
				IPHONEOS_DEPLOYMENT_TARGET = 10.3;
				MTL_ENABLE_DEBUG_INFO = YES;
				ONLY_ACTIVE_ARCH = YES;
				SDKROOT = iphoneos;
			};
			name = Debug;
		};
		FF9367311EF855AF00AFB1C2 /* Release */ = {
			isa = XCBuildConfiguration;
			buildSettings = {
				ALWAYS_SEARCH_USER_PATHS = NO;
				CLANG_ANALYZER_NONNULL = YES;
				CLANG_ANALYZER_NUMBER_OBJECT_CONVERSION = YES_AGGRESSIVE;
				CLANG_CXX_LANGUAGE_STANDARD = "gnu++0x";
				CLANG_CXX_LIBRARY = "libc++";
				CLANG_ENABLE_MODULES = YES;
				CLANG_ENABLE_OBJC_ARC = YES;
				CLANG_WARN_BOOL_CONVERSION = YES;
				CLANG_WARN_CONSTANT_CONVERSION = YES;
				CLANG_WARN_DIRECT_OBJC_ISA_USAGE = YES_ERROR;
				CLANG_WARN_DOCUMENTATION_COMMENTS = YES;
				CLANG_WARN_EMPTY_BODY = YES;
				CLANG_WARN_ENUM_CONVERSION = YES;
				CLANG_WARN_INFINITE_RECURSION = YES;
				CLANG_WARN_INT_CONVERSION = YES;
				CLANG_WARN_OBJC_ROOT_CLASS = YES_ERROR;
				CLANG_WARN_SUSPICIOUS_MOVE = YES;
				CLANG_WARN_UNREACHABLE_CODE = YES;
				CLANG_WARN__DUPLICATE_METHOD_MATCH = YES;
				"CODE_SIGN_IDENTITY[sdk=iphoneos*]" = "iPhone Developer";
				COPY_PHASE_STRIP = NO;
				DEBUG_INFORMATION_FORMAT = "dwarf-with-dsym";
				ENABLE_NS_ASSERTIONS = NO;
				ENABLE_STRICT_OBJC_MSGSEND = YES;
				GCC_C_LANGUAGE_STANDARD = gnu99;
				GCC_NO_COMMON_BLOCKS = YES;
				GCC_WARN_64_TO_32_BIT_CONVERSION = YES;
				GCC_WARN_ABOUT_RETURN_TYPE = YES_ERROR;
				GCC_WARN_UNDECLARED_SELECTOR = YES;
				GCC_WARN_UNINITIALIZED_AUTOS = YES_AGGRESSIVE;
				GCC_WARN_UNUSED_FUNCTION = YES;
				GCC_WARN_UNUSED_VARIABLE = YES;
				IPHONEOS_DEPLOYMENT_TARGET = 10.3;
				MTL_ENABLE_DEBUG_INFO = NO;
				SDKROOT = iphoneos;
				VALIDATE_PRODUCT = YES;
			};
			name = Release;
		};
		FF9367331EF855AF00AFB1C2 /* Debug */ = {
			isa = XCBuildConfiguration;
			buildSettings = {
				ASSETCATALOG_COMPILER_APPICON_NAME = AppIcon;
				DEVELOPMENT_TEAM = 5GMBY6V284;
				INFOPLIST_FILE = GithubRepos/Info.plist;
				LD_RUNPATH_SEARCH_PATHS = "$(inherited) @executable_path/Frameworks";
				PRODUCT_BUNDLE_IDENTIFIER = com.JimmyHoang.GithubRepos;
				PRODUCT_NAME = "$(TARGET_NAME)";
			};
			name = Debug;
		};
		FF9367341EF855AF00AFB1C2 /* Release */ = {
			isa = XCBuildConfiguration;
			buildSettings = {
				ASSETCATALOG_COMPILER_APPICON_NAME = AppIcon;
				DEVELOPMENT_TEAM = 5GMBY6V284;
				INFOPLIST_FILE = GithubRepos/Info.plist;
				LD_RUNPATH_SEARCH_PATHS = "$(inherited) @executable_path/Frameworks";
				PRODUCT_BUNDLE_IDENTIFIER = com.JimmyHoang.GithubRepos;
				PRODUCT_NAME = "$(TARGET_NAME)";
			};
			name = Release;
		};
/* End XCBuildConfiguration section */

/* Begin XCConfigurationList section */
		FF9367161EF855AF00AFB1C2 /* Build configuration list for PBXProject "GithubRepos" */ = {
			isa = XCConfigurationList;
			buildConfigurations = (
				FF9367301EF855AF00AFB1C2 /* Debug */,
				FF9367311EF855AF00AFB1C2 /* Release */,
			);
			defaultConfigurationIsVisible = 0;
			defaultConfigurationName = Release;
		};
		FF9367321EF855AF00AFB1C2 /* Build configuration list for PBXNativeTarget "GithubRepos" */ = {
			isa = XCConfigurationList;
			buildConfigurations = (
				FF9367331EF855AF00AFB1C2 /* Debug */,
				FF9367341EF855AF00AFB1C2 /* Release */,
			);
			defaultConfigurationIsVisible = 0;
		};
/* End XCConfigurationList section */
	};
	rootObject = FF9367131EF855AF00AFB1C2 /* Project object */;
}
